
Microsoft Visual Studio Solution File, Format Version 12.00
# Visual Studio Version 16
VisualStudioVersion = 16.0.29709.97
MinimumVisualStudioVersion = 10.0.40219.1
Project("{FAE04EC0-301F-11D3-BF4B-00C04F79EFBC}") = "ProAgil.Api", "src\ProAgil.Api\ProAgil.Api.csproj", "{223C0EA2-A617-4F8E-BB23-AF59D9ACB437}"
EndProject
Project("{FAE04EC0-301F-11D3-BF4B-00C04F79EFBC}") = "ProAgil.Data", "src\ProAgil.Data\ProAgil.Data.csproj", "{117C3CC9-A439-439D-8DC9-4B0D17B12681}"
EndProject
Project("{FAE04EC0-301F-11D3-BF4B-00C04F79EFBC}") = "ProAgil.Business", "src\ProAgil.Business\ProAgil.Business.csproj", "{12E4A39F-54E2-4968-AC0E-2A5FB60D0923}"
EndProject
Global
	GlobalSection(SolutionConfigurationPlatforms) = preSolution
		Debug|Any CPU = Debug|Any CPU
		Release|Any CPU = Release|Any CPU
	EndGlobalSection
	GlobalSection(ProjectConfigurationPlatforms) = postSolution
		{223C0EA2-A617-4F8E-BB23-AF59D9ACB437}.Debug|Any CPU.ActiveCfg = Debug|Any CPU
		{223C0EA2-A617-4F8E-BB23-AF59D9ACB437}.Debug|Any CPU.Build.0 = Debug|Any CPU
		{223C0EA2-A617-4F8E-BB23-AF59D9ACB437}.Release|Any CPU.ActiveCfg = Release|Any CPU
		{223C0EA2-A617-4F8E-BB23-AF59D9ACB437}.Release|Any CPU.Build.0 = Release|Any CPU
		{117C3CC9-A439-439D-8DC9-4B0D17B12681}.Debug|Any CPU.ActiveCfg = Debug|Any CPU
		{117C3CC9-A439-439D-8DC9-4B0D17B12681}.Debug|Any CPU.Build.0 = Debug|Any CPU
		{117C3CC9-A439-439D-8DC9-4B0D17B12681}.Release|Any CPU.ActiveCfg = Release|Any CPU
		{117C3CC9-A439-439D-8DC9-4B0D17B12681}.Release|Any CPU.Build.0 = Release|Any CPU
		{12E4A39F-54E2-4968-AC0E-2A5FB60D0923}.Debug|Any CPU.ActiveCfg = Debug|Any CPU
		{12E4A39F-54E2-4968-AC0E-2A5FB60D0923}.Debug|Any CPU.Build.0 = Debug|Any CPU
		{12E4A39F-54E2-4968-AC0E-2A5FB60D0923}.Release|Any CPU.ActiveCfg = Release|Any CPU
		{12E4A39F-54E2-4968-AC0E-2A5FB60D0923}.Release|Any CPU.Build.0 = Release|Any CPU
	EndGlobalSection
	GlobalSection(SolutionProperties) = preSolution
		HideSolutionNode = FALSE
	EndGlobalSection
	GlobalSection(ExtensibilityGlobals) = postSolution
		SolutionGuid = {2D1832B4-785E-4C60-92DF-49D30CD94BD5}
	EndGlobalSection
EndGlobal
